// !$*UTF8*$!
{
	archiveVersion = 1;
	classes = {
	};
	objectVersion = 55;
	objects = {

/* Begin PBXBuildFile section */
		5C2879C82743F482006E0F18 /* popoverOnboardingQuestions.swift in Sources */ = {isa = PBXBuildFile; fileRef = 5C2879C72743F482006E0F18 /* popoverOnboardingQuestions.swift */; };
		5C53462F27455871001093C1 /* Photos.swift in Sources */ = {isa = PBXBuildFile; fileRef = 5C53462E27455871001093C1 /* Photos.swift */; };
		5C53463127455E20001093C1 /* rectangle.swift in Sources */ = {isa = PBXBuildFile; fileRef = 5C53463027455E20001093C1 /* rectangle.swift */; };
		5CB793D22742AE6300D844A8 /* WelcomeApp.swift in Sources */ = {isa = PBXBuildFile; fileRef = 5CB793D12742AE6300D844A8 /* WelcomeApp.swift */; };
		5CB793D62742AE6500D844A8 /* Assets.xcassets in Resources */ = {isa = PBXBuildFile; fileRef = 5CB793D52742AE6500D844A8 /* Assets.xcassets */; };
		5CB793D92742AE6500D844A8 /* Preview Assets.xcassets in Resources */ = {isa = PBXBuildFile; fileRef = 5CB793D82742AE6500D844A8 /* Preview Assets.xcassets */; };
		5CB793E02742B61900D844A8 /* customButton.swift in Sources */ = {isa = PBXBuildFile; fileRef = 5CB793DF2742B61900D844A8 /* customButton.swift */; };
		5CB793E22742BD3700D844A8 /* onboardingScreen.swift in Sources */ = {isa = PBXBuildFile; fileRef = 5CB793E12742BD3700D844A8 /* onboardingScreen.swift */; };
		5CB793E42742C0F400D844A8 /* TabbedView.swift in Sources */ = {isa = PBXBuildFile; fileRef = 5CB793E32742C0F400D844A8 /* TabbedView.swift */; };
		5CB793E82742C55D00D844A8 /* memoryScreen.swift in Sources */ = {isa = PBXBuildFile; fileRef = 5CB793E72742C55D00D844A8 /* memoryScreen.swift */; };
		5CB793EA2743A95400D844A8 /* NavigationBar.swift in Sources */ = {isa = PBXBuildFile; fileRef = 5CB793E92743A95400D844A8 /* NavigationBar.swift */; };
		5CB793EC2743BFF600D844A8 /* Button2.swift in Sources */ = {isa = PBXBuildFile; fileRef = 5CB793EB2743BFF600D844A8 /* Button2.swift */; };
		E9B64E4527465B0E00490359 /* NavigationTitleFindScreen.swift in Sources */ = {isa = PBXBuildFile; fileRef = E9B64E4427465B0E00490359 /* NavigationTitleFindScreen.swift */; };
		E9B64E4A2746654700490359 /* FindScreen.swift in Sources */ = {isa = PBXBuildFile; fileRef = E9B64E492746654700490359 /* FindScreen.swift */; };
		E9B64E4C2746656800490359 /* BackgroundFindScreen.swift in Sources */ = {isa = PBXBuildFile; fileRef = E9B64E4B2746656800490359 /* BackgroundFindScreen.swift */; };
		E9B64E5327466B3200490359 /* UserIcon.swift in Sources */ = {isa = PBXBuildFile; fileRef = E9B64E5227466B3200490359 /* UserIcon.swift */; };
/* End PBXBuildFile section */

/* Begin PBXFileReference section */
		5C2879C72743F482006E0F18 /* popoverOnboardingQuestions.swift */ = {isa = PBXFileReference; lastKnownFileType = sourcecode.swift; path = popoverOnboardingQuestions.swift; sourceTree = "<group>"; };
		5C53462E27455871001093C1 /* Photos.swift */ = {isa = PBXFileReference; lastKnownFileType = sourcecode.swift; path = Photos.swift; sourceTree = "<group>"; };
		5C53463027455E20001093C1 /* rectangle.swift */ = {isa = PBXFileReference; lastKnownFileType = sourcecode.swift; path = rectangle.swift; sourceTree = "<group>"; };
		5CB793CE2742AE6300D844A8 /* WelcomeApp.app */ = {isa = PBXFileReference; explicitFileType = wrapper.application; includeInIndex = 0; path = WelcomeApp.app; sourceTree = BUILT_PRODUCTS_DIR; };
		5CB793D12742AE6300D844A8 /* WelcomeApp.swift */ = {isa = PBXFileReference; lastKnownFileType = sourcecode.swift; path = WelcomeApp.swift; sourceTree = "<group>"; };
		5CB793D52742AE6500D844A8 /* Assets.xcassets */ = {isa = PBXFileReference; lastKnownFileType = folder.assetcatalog; path = Assets.xcassets; sourceTree = "<group>"; };
		5CB793D82742AE6500D844A8 /* Preview Assets.xcassets */ = {isa = PBXFileReference; lastKnownFileType = folder.assetcatalog; path = "Preview Assets.xcassets"; sourceTree = "<group>"; };
		5CB793DF2742B61900D844A8 /* customButton.swift */ = {isa = PBXFileReference; lastKnownFileType = sourcecode.swift; path = customButton.swift; sourceTree = "<group>"; };
		5CB793E12742BD3700D844A8 /* onboardingScreen.swift */ = {isa = PBXFileReference; lastKnownFileType = sourcecode.swift; path = onboardingScreen.swift; sourceTree = "<group>"; };
		5CB793E32742C0F400D844A8 /* TabbedView.swift */ = {isa = PBXFileReference; lastKnownFileType = sourcecode.swift; path = TabbedView.swift; sourceTree = "<group>"; };
		5CB793E72742C55D00D844A8 /* memoryScreen.swift */ = {isa = PBXFileReference; lastKnownFileType = sourcecode.swift; path = memoryScreen.swift; sourceTree = "<group>"; };
		5CB793E92743A95400D844A8 /* NavigationBar.swift */ = {isa = PBXFileReference; lastKnownFileType = sourcecode.swift; path = NavigationBar.swift; sourceTree = "<group>"; };
		5CB793EB2743BFF600D844A8 /* Button2.swift */ = {isa = PBXFileReference; lastKnownFileType = sourcecode.swift; path = Button2.swift; sourceTree = "<group>"; };
		E9B64E4427465B0E00490359 /* NavigationTitleFindScreen.swift */ = {isa = PBXFileReference; lastKnownFileType = sourcecode.swift; path = NavigationTitleFindScreen.swift; sourceTree = "<group>"; };
		E9B64E492746654700490359 /* FindScreen.swift */ = {isa = PBXFileReference; lastKnownFileType = sourcecode.swift; path = FindScreen.swift; sourceTree = "<group>"; };
		E9B64E4B2746656800490359 /* BackgroundFindScreen.swift */ = {isa = PBXFileReference; lastKnownFileType = sourcecode.swift; path = BackgroundFindScreen.swift; sourceTree = "<group>"; };
		E9B64E5227466B3200490359 /* UserIcon.swift */ = {isa = PBXFileReference; lastKnownFileType = sourcecode.swift; path = UserIcon.swift; sourceTree = "<group>"; };
/* End PBXFileReference section */

/* Begin PBXFrameworksBuildPhase section */
		5CB793CB2742AE6300D844A8 /* Frameworks */ = {
			isa = PBXFrameworksBuildPhase;
			buildActionMask = 2147483647;
			files = (
			);
			runOnlyForDeploymentPostprocessing = 0;
		};
/* End PBXFrameworksBuildPhase section */

/* Begin PBXGroup section */
		5C53462D274554BF001093C1 /* Memories */ = {
			isa = PBXGroup;
			children = (
				5CB793E72742C55D00D844A8 /* memoryScreen.swift */,
				5C53462E27455871001093C1 /* Photos.swift */,
				5C53463027455E20001093C1 /* rectangle.swift */,
			);
			path = Memories;
			sourceTree = "<group>";
		};
		5CB793C52742AE6300D844A8 = {
			isa = PBXGroup;
			children = (
				5CB793D02742AE6300D844A8 /* WelcomeApp */,
				5CB793CF2742AE6300D844A8 /* Products */,
			);
			sourceTree = "<group>";
		};
		5CB793CF2742AE6300D844A8 /* Products */ = {
			isa = PBXGroup;
			children = (
				5CB793CE2742AE6300D844A8 /* WelcomeApp.app */,
			);
			name = Products;
			sourceTree = "<group>";
		};
		5CB793D02742AE6300D844A8 /* WelcomeApp */ = {
			isa = PBXGroup;
			children = (
				5CB793D12742AE6300D844A8 /* WelcomeApp.swift */,
				E9B64E4327465A9500490359 /* Onboarding */,
				E918B6732745B4C2001AAA02 /* findscreens */,
				5C53462D274554BF001093C1 /* Memories */,
				5CB793EB2743BFF600D844A8 /* Button2.swift */,
				5CB793DF2742B61900D844A8 /* customButton.swift */,
				5CB793D52742AE6500D844A8 /* Assets.xcassets */,
				E9B64E4627465B5C00490359 /* General components */,
				5CB793D72742AE6500D844A8 /* Preview Content */,
			);
			path = WelcomeApp;
			sourceTree = "<group>";
		};
		5CB793D72742AE6500D844A8 /* Preview Content */ = {
			isa = PBXGroup;
			children = (
				5CB793D82742AE6500D844A8 /* Preview Assets.xcassets */,
			);
			path = "Preview Content";
			sourceTree = "<group>";
		};
		E918B6732745B4C2001AAA02 /* findscreens */ = {
			isa = PBXGroup;
			children = (
				E9B64E4427465B0E00490359 /* NavigationTitleFindScreen.swift */,
				E9B64E492746654700490359 /* FindScreen.swift */,
				E9B64E5227466B3200490359 /* UserIcon.swift */,
				E9B64E4B2746656800490359 /* BackgroundFindScreen.swift */,
			);
			path = findscreens;
			sourceTree = "<group>";
		};
		E9B64E4327465A9500490359 /* Onboarding */ = {
			isa = PBXGroup;
			children = (
				5CB793E12742BD3700D844A8 /* onboardingScreen.swift */,
				5C2879C72743F482006E0F18 /* popoverOnboardingQuestions.swift */,
			);
			path = Onboarding;
			sourceTree = "<group>";
		};
		E9B64E4627465B5C00490359 /* General components */ = {
			isa = PBXGroup;
			children = (
				5CB793E32742C0F400D844A8 /* TabbedView.swift */,
				5CB793E92743A95400D844A8 /* NavigationBar.swift */,
			);
			path = "General components";
			sourceTree = "<group>";
		};
/* End PBXGroup section */

/* Begin PBXNativeTarget section */
		5CB793CD2742AE6300D844A8 /* WelcomeApp */ = {
			isa = PBXNativeTarget;
			buildConfigurationList = 5CB793DC2742AE6500D844A8 /* Build configuration list for PBXNativeTarget "WelcomeApp" */;
			buildPhases = (
				5CB793CA2742AE6300D844A8 /* Sources */,
				5CB793CB2742AE6300D844A8 /* Frameworks */,
				5CB793CC2742AE6300D844A8 /* Resources */,
			);
			buildRules = (
			);
			dependencies = (
			);
			name = WelcomeApp;
			productName = WelcomeApp;
			productReference = 5CB793CE2742AE6300D844A8 /* WelcomeApp.app */;
			productType = "com.apple.product-type.application";
		};
/* End PBXNativeTarget section */

/* Begin PBXProject section */
		5CB793C62742AE6300D844A8 /* Project object */ = {
			isa = PBXProject;
			attributes = {
				BuildIndependentTargetsInParallel = 1;
				LastSwiftUpdateCheck = 1300;
				LastUpgradeCheck = 1300;
				TargetAttributes = {
					5CB793CD2742AE6300D844A8 = {
						CreatedOnToolsVersion = 13.0;
					};
				};
			};
			buildConfigurationList = 5CB793C92742AE6300D844A8 /* Build configuration list for PBXProject "WelcomeApp" */;
			compatibilityVersion = "Xcode 13.0";
			developmentRegion = en;
			hasScannedForEncodings = 0;
			knownRegions = (
				en,
				Base,
			);
			mainGroup = 5CB793C52742AE6300D844A8;
			productRefGroup = 5CB793CF2742AE6300D844A8 /* Products */;
			projectDirPath = "";
			projectRoot = "";
			targets = (
				5CB793CD2742AE6300D844A8 /* WelcomeApp */,
			);
		};
/* End PBXProject section */

/* Begin PBXResourcesBuildPhase section */
		5CB793CC2742AE6300D844A8 /* Resources */ = {
			isa = PBXResourcesBuildPhase;
			buildActionMask = 2147483647;
			files = (
				5CB793D92742AE6500D844A8 /* Preview Assets.xcassets in Resources */,
				5CB793D62742AE6500D844A8 /* Assets.xcassets in Resources */,
			);
			runOnlyForDeploymentPostprocessing = 0;
		};
/* End PBXResourcesBuildPhase section */

/* Begin PBXSourcesBuildPhase section */
		5CB793CA2742AE6300D844A8 /* Sources */ = {
			isa = PBXSourcesBuildPhase;
			buildActionMask = 2147483647;
			files = (
				5C53463127455E20001093C1 /* rectangle.swift in Sources */,
				E9B64E5327466B3200490359 /* UserIcon.swift in Sources */,
				5CB793E22742BD3700D844A8 /* onboardingScreen.swift in Sources */,
				5CB793E02742B61900D844A8 /* customButton.swift in Sources */,
				5CB793E82742C55D00D844A8 /* memoryScreen.swift in Sources */,
				E9B64E4A2746654700490359 /* FindScreen.swift in Sources */,
				E9B64E4C2746656800490359 /* BackgroundFindScreen.swift in Sources */,
				5C2879C82743F482006E0F18 /* popoverOnboardingQuestions.swift in Sources */,
				5CB793EA2743A95400D844A8 /* NavigationBar.swift in Sources */,
				5CB793E42742C0F400D844A8 /* TabbedView.swift in Sources */,
				5CB793EC2743BFF600D844A8 /* Button2.swift in Sources */,
				5C53462F27455871001093C1 /* Photos.swift in Sources */,
				E9B64E4527465B0E00490359 /* NavigationTitleFindScreen.swift in Sources */,
				5CB793D22742AE6300D844A8 /* WelcomeApp.swift in Sources */,
			);
			runOnlyForDeploymentPostprocessing = 0;
		};
/* End PBXSourcesBuildPhase section */

/* Begin XCBuildConfiguration section */
		5CB793DA2742AE6500D844A8 /* Debug */ = {
			isa = XCBuildConfiguration;
			buildSettings = {
				ALWAYS_SEARCH_USER_PATHS = NO;
				CLANG_ANALYZER_NONNULL = YES;
				CLANG_ANALYZER_NUMBER_OBJECT_CONVERSION = YES_AGGRESSIVE;
				CLANG_CXX_LANGUAGE_STANDARD = "gnu++17";
				CLANG_CXX_LIBRARY = "libc++";
				CLANG_ENABLE_MODULES = YES;
				CLANG_ENABLE_OBJC_ARC = YES;
				CLANG_ENABLE_OBJC_WEAK = YES;
				CLANG_WARN_BLOCK_CAPTURE_AUTORELEASING = YES;
				CLANG_WARN_BOOL_CONVERSION = YES;
				CLANG_WARN_COMMA = YES;
				CLANG_WARN_CONSTANT_CONVERSION = YES;
				CLANG_WARN_DEPRECATED_OBJC_IMPLEMENTATIONS = YES;
				CLANG_WARN_DIRECT_OBJC_ISA_USAGE = YES_ERROR;
				CLANG_WARN_DOCUMENTATION_COMMENTS = YES;
				CLANG_WARN_EMPTY_BODY = YES;
				CLANG_WARN_ENUM_CONVERSION = YES;
				CLANG_WARN_INFINITE_RECURSION = YES;
				CLANG_WARN_INT_CONVERSION = YES;
				CLANG_WARN_NON_LITERAL_NULL_CONVERSION = YES;
				CLANG_WARN_OBJC_IMPLICIT_RETAIN_SELF = YES;
				CLANG_WARN_OBJC_LITERAL_CONVERSION = YES;
				CLANG_WARN_OBJC_ROOT_CLASS = YES_ERROR;
				CLANG_WARN_QUOTED_INCLUDE_IN_FRAMEWORK_HEADER = YES;
				CLANG_WARN_RANGE_LOOP_ANALYSIS = YES;
				CLANG_WARN_STRICT_PROTOTYPES = YES;
				CLANG_WARN_SUSPICIOUS_MOVE = YES;
				CLANG_WARN_UNGUARDED_AVAILABILITY = YES_AGGRESSIVE;
				CLANG_WARN_UNREACHABLE_CODE = YES;
				CLANG_WARN__DUPLICATE_METHOD_MATCH = YES;
				COPY_PHASE_STRIP = NO;
				DEBUG_INFORMATION_FORMAT = dwarf;
				ENABLE_STRICT_OBJC_MSGSEND = YES;
				ENABLE_TESTABILITY = YES;
				GCC_C_LANGUAGE_STANDARD = gnu11;
				GCC_DYNAMIC_NO_PIC = NO;
				GCC_NO_COMMON_BLOCKS = YES;
				GCC_OPTIMIZATION_LEVEL = 0;
				GCC_PREPROCESSOR_DEFINITIONS = (
					"DEBUG=1",
					"$(inherited)",
				);
				GCC_WARN_64_TO_32_BIT_CONVERSION = YES;
				GCC_WARN_ABOUT_RETURN_TYPE = YES_ERROR;
				GCC_WARN_UNDECLARED_SELECTOR = YES;
				GCC_WARN_UNINITIALIZED_AUTOS = YES_AGGRESSIVE;
				GCC_WARN_UNUSED_FUNCTION = YES;
				GCC_WARN_UNUSED_VARIABLE = YES;
				IPHONEOS_DEPLOYMENT_TARGET = 15.0;
				MTL_ENABLE_DEBUG_INFO = INCLUDE_SOURCE;
				MTL_FAST_MATH = YES;
				ONLY_ACTIVE_ARCH = YES;
				SDKROOT = iphoneos;
				SWIFT_ACTIVE_COMPILATION_CONDITIONS = DEBUG;
				SWIFT_OPTIMIZATION_LEVEL = "-Onone";
			};
			name = Debug;
		};
		5CB793DB2742AE6500D844A8 /* Release */ = {
			isa = XCBuildConfiguration;
			buildSettings = {
				ALWAYS_SEARCH_USER_PATHS = NO;
				CLANG_ANALYZER_NONNULL = YES;
				CLANG_ANALYZER_NUMBER_OBJECT_CONVERSION = YES_AGGRESSIVE;
				CLANG_CXX_LANGUAGE_STANDARD = "gnu++17";
				CLANG_CXX_LIBRARY = "libc++";
				CLANG_ENABLE_MODULES = YES;
				CLANG_ENABLE_OBJC_ARC = YES;
				CLANG_ENABLE_OBJC_WEAK = YES;
				CLANG_WARN_BLOCK_CAPTURE_AUTORELEASING = YES;
				CLANG_WARN_BOOL_CONVERSION = YES;
				CLANG_WARN_COMMA = YES;
				CLANG_WARN_CONSTANT_CONVERSION = YES;
				CLANG_WARN_DEPRECATED_OBJC_IMPLEMENTATIONS = YES;
				CLANG_WARN_DIRECT_OBJC_ISA_USAGE = YES_ERROR;
				CLANG_WARN_DOCUMENTATION_COMMENTS = YES;
				CLANG_WARN_EMPTY_BODY = YES;
				CLANG_WARN_ENUM_CONVERSION = YES;
				CLANG_WARN_INFINITE_RECURSION = YES;
				CLANG_WARN_INT_CONVERSION = YES;
				CLANG_WARN_NON_LITERAL_NULL_CONVERSION = YES;
				CLANG_WARN_OBJC_IMPLICIT_RETAIN_SELF = YES;
				CLANG_WARN_OBJC_LITERAL_CONVERSION = YES;
				CLANG_WARN_OBJC_ROOT_CLASS = YES_ERROR;
				CLANG_WARN_QUOTED_INCLUDE_IN_FRAMEWORK_HEADER = YES;
				CLANG_WARN_RANGE_LOOP_ANALYSIS = YES;
				CLANG_WARN_STRICT_PROTOTYPES = YES;
				CLANG_WARN_SUSPICIOUS_MOVE = YES;
				CLANG_WARN_UNGUARDED_AVAILABILITY = YES_AGGRESSIVE;
				CLANG_WARN_UNREACHABLE_CODE = YES;
				CLANG_WARN__DUPLICATE_METHOD_MATCH = YES;
				COPY_PHASE_STRIP = NO;
				DEBUG_INFORMATION_FORMAT = "dwarf-with-dsym";
				ENABLE_NS_ASSERTIONS = NO;
				ENABLE_STRICT_OBJC_MSGSEND = YES;
				GCC_C_LANGUAGE_STANDARD = gnu11;
				GCC_NO_COMMON_BLOCKS = YES;
				GCC_WARN_64_TO_32_BIT_CONVERSION = YES;
				GCC_WARN_ABOUT_RETURN_TYPE = YES_ERROR;
				GCC_WARN_UNDECLARED_SELECTOR = YES;
				GCC_WARN_UNINITIALIZED_AUTOS = YES_AGGRESSIVE;
				GCC_WARN_UNUSED_FUNCTION = YES;
				GCC_WARN_UNUSED_VARIABLE = YES;
				IPHONEOS_DEPLOYMENT_TARGET = 15.0;
				MTL_ENABLE_DEBUG_INFO = NO;
				MTL_FAST_MATH = YES;
				SDKROOT = iphoneos;
				SWIFT_COMPILATION_MODE = wholemodule;
				SWIFT_OPTIMIZATION_LEVEL = "-O";
				VALIDATE_PRODUCT = YES;
			};
			name = Release;
		};
		5CB793DD2742AE6500D844A8 /* Debug */ = {
			isa = XCBuildConfiguration;
			buildSettings = {
				ASSETCATALOG_COMPILER_APPICON_NAME = AppIcon;
				ASSETCATALOG_COMPILER_GLOBAL_ACCENT_COLOR_NAME = AccentColor;
				CODE_SIGN_STYLE = Automatic;
				CURRENT_PROJECT_VERSION = 1;
				DEVELOPMENT_ASSET_PATHS = "\"WelcomeApp/Preview Content\"";
				DEVELOPMENT_TEAM = 6N777LA6M4;
				ENABLE_PREVIEWS = YES;
				GENERATE_INFOPLIST_FILE = YES;
				INFOPLIST_KEY_UIApplicationSceneManifest_Generation = YES;
				INFOPLIST_KEY_UIApplicationSupportsIndirectInputEvents = YES;
				INFOPLIST_KEY_UILaunchScreen_Generation = YES;
				INFOPLIST_KEY_UISupportedInterfaceOrientations_iPad = "UIInterfaceOrientationPortrait UIInterfaceOrientationPortraitUpsideDown UIInterfaceOrientationLandscapeLeft UIInterfaceOrientationLandscapeRight";
				INFOPLIST_KEY_UISupportedInterfaceOrientations_iPhone = "UIInterfaceOrientationPortrait UIInterfaceOrientationLandscapeLeft UIInterfaceOrientationLandscapeRight";
				IPHONEOS_DEPLOYMENT_TARGET = 14.0;
				LD_RUNPATH_SEARCH_PATHS = (
					"$(inherited)",
					"@executable_path/Frameworks",
				);
				MARKETING_VERSION = 1.0;
				PRODUCT_BUNDLE_IDENTIFIER = galina.WelcomeApp;
				PRODUCT_NAME = "$(TARGET_NAME)";
				SWIFT_EMIT_LOC_STRINGS = YES;
				SWIFT_VERSION = 5.0;
				TARGETED_DEVICE_FAMILY = "1,2";
			};
			name = Debug;
		};
		5CB793DE2742AE6500D844A8 /* Release */ = {
			isa = XCBuildConfiguration;
			buildSettings = {
				ASSETCATALOG_COMPILER_APPICON_NAME = AppIcon;
				ASSETCATALOG_COMPILER_GLOBAL_ACCENT_COLOR_NAME = AccentColor;
				CODE_SIGN_STYLE = Automatic;
				CURRENT_PROJECT_VERSION = 1;
				DEVELOPMENT_ASSET_PATHS = "\"WelcomeApp/Preview Content\"";
				DEVELOPMENT_TEAM = 6N777LA6M4;
				ENABLE_PREVIEWS = YES;
				GENERATE_INFOPLIST_FILE = YES;
				INFOPLIST_KEY_UIApplicationSceneManifest_Generation = YES;
				INFOPLIST_KEY_UIApplicationSupportsIndirectInputEvents = YES;
				INFOPLIST_KEY_UILaunchScreen_Generation = YES;
				INFOPLIST_KEY_UISupportedInterfaceOrientations_iPad = "UIInterfaceOrientationPortrait UIInterfaceOrientationPortraitUpsideDown UIInterfaceOrientationLandscapeLeft UIInterfaceOrientationLandscapeRight";
				INFOPLIST_KEY_UISupportedInterfaceOrientations_iPhone = "UIInterfaceOrientationPortrait UIInterfaceOrientationLandscapeLeft UIInterfaceOrientationLandscapeRight";
				IPHONEOS_DEPLOYMENT_TARGET = 14.0;
				LD_RUNPATH_SEARCH_PATHS = (
					"$(inherited)",
					"@executable_path/Frameworks",
				);
				MARKETING_VERSION = 1.0;
				PRODUCT_BUNDLE_IDENTIFIER = galina.WelcomeApp;
				PRODUCT_NAME = "$(TARGET_NAME)";
				SWIFT_EMIT_LOC_STRINGS = YES;
				SWIFT_VERSION = 5.0;
				TARGETED_DEVICE_FAMILY = "1,2";
			};
			name = Release;
		};
/* End XCBuildConfiguration section */

/* Begin XCConfigurationList section */
		5CB793C92742AE6300D844A8 /* Build configuration list for PBXProject "WelcomeApp" */ = {
			isa = XCConfigurationList;
			buildConfigurations = (
				5CB793DA2742AE6500D844A8 /* Debug */,
				5CB793DB2742AE6500D844A8 /* Release */,
			);
			defaultConfigurationIsVisible = 0;
			defaultConfigurationName = Release;
		};
		5CB793DC2742AE6500D844A8 /* Build configuration list for PBXNativeTarget "WelcomeApp" */ = {
			isa = XCConfigurationList;
			buildConfigurations = (
				5CB793DD2742AE6500D844A8 /* Debug */,
				5CB793DE2742AE6500D844A8 /* Release */,
			);
			defaultConfigurationIsVisible = 0;
			defaultConfigurationName = Release;
		};
/* End XCConfigurationList section */
	};
	rootObject = 5CB793C62742AE6300D844A8 /* Project object */;
}
